PODS:
  - AppCenter (3.2.0):
    - AppCenter/Analytics (= 3.2.0)
    - AppCenter/Crashes (= 3.2.0)
  - AppCenter/Analytics (3.2.0):
    - AppCenter/Core
  - AppCenter/Core (3.2.0)
  - AppCenter/Crashes (3.2.0):
    - AppCenter/Core
  - AppCenter/Distribute (3.2.0):
    - AppCenter/Core
  - audio_session (0.0.1):
    - Flutter
  - Flutter (1.0.0)
  - flutter_appcenter_bundle (0.0.1):
    - AppCenter (~> 3.2.0)
    - AppCenter/Distribute (~> 3.2.0)
    - Flutter
  - flutter_document_picker (0.0.1):
    - Flutter
  - flutter_keyboard_visibility (0.0.1):
    - Flutter
  - FMDB (2.7.5):
    - FMDB/standard (= 2.7.5)
  - FMDB/standard (2.7.5)
  - just_audio (0.0.1):
    - Flutter
  - ocarina (0.0.1):
    - Flutter
  - package_info (0.0.1):
    - Flutter
  - path_provider (0.0.1):
    - Flutter
  - shared_preferences (0.0.1):
    - Flutter
  - sqflite (0.0.2):
    - Flutter
    - FMDB (>= 2.7.5)
  - url_launcher (0.0.1):
    - Flutter

DEPENDENCIES:
  - audio_session (from `.symlinks/plugins/audio_session/ios`)
  - Flutter (from `Flutter`)
  - flutter_appcenter_bundle (from `.symlinks/plugins/flutter_appcenter_bundle/ios`)
  - flutter_document_picker (from `.symlinks/plugins/flutter_document_picker/ios`)
  - flutter_keyboard_visibility (from `.symlinks/plugins/flutter_keyboard_visibility/ios`)
  - just_audio (from `.symlinks/plugins/just_audio/ios`)
  - ocarina (from `.symlinks/plugins/ocarina/ios`)
  - package_info (from `.symlinks/plugins/package_info/ios`)
  - path_provider (from `.symlinks/plugins/path_provider/ios`)
  - shared_preferences (from `.symlinks/plugins/shared_preferences/ios`)
  - sqflite (from `.symlinks/plugins/sqflite/ios`)
  - url_launcher (from `.symlinks/plugins/url_launcher/ios`)

SPEC REPOS:
  trunk:
    - AppCenter
    - FMDB

EXTERNAL SOURCES:
  audio_session:
    :path: ".symlinks/plugins/audio_session/ios"
  Flutter:
    :path: Flutter
  flutter_appcenter_bundle:
    :path: ".symlinks/plugins/flutter_appcenter_bundle/ios"
  flutter_document_picker:
    :path: ".symlinks/plugins/flutter_document_picker/ios"
  flutter_keyboard_visibility:
    :path: ".symlinks/plugins/flutter_keyboard_visibility/ios"
  just_audio:
    :path: ".symlinks/plugins/just_audio/ios"
  ocarina:
    :path: ".symlinks/plugins/ocarina/ios"
  package_info:
    :path: ".symlinks/plugins/package_info/ios"
  path_provider:
    :path: ".symlinks/plugins/path_provider/ios"
  shared_preferences:
    :path: ".symlinks/plugins/shared_preferences/ios"
  sqflite:
    :path: ".symlinks/plugins/sqflite/ios"
  url_launcher:
    :path: ".symlinks/plugins/url_launcher/ios"

SPEC CHECKSUMS:
  AppCenter: ca66175050d538b157959382dd43f1ab96cdab84
  audio_session: 4f3e461722055d21515cf3261b64c973c062f345
  Flutter: 434fef37c0980e73bb6479ef766c45957d4b510c
  flutter_appcenter_bundle: bbf1dd726a7a090027c88201a62b83269a56f075
  flutter_document_picker: 109ba1c4622e6e62bfced17c22ff544a9a3541f4
  flutter_keyboard_visibility: 0339d06371254c3eb25eeb90ba8d17dca8f9c069
  FMDB: 2ce00b547f966261cd18927a3ddb07cb6f3db82a
  just_audio: baa7252489dbcf47a4c7cc9ca663e9661c99aafa
  ocarina: 632a3387b2cf3f130af7ce53a6014e3bf0c145d2
  package_info: 873975fc26034f0b863a300ad47e7f1ac6c7ec62
  path_provider: abfe2b5c733d04e238b0d8691db0cfd63a27a93c
  shared_preferences: af6bfa751691cdc24be3045c43ec037377ada40d
  sqflite: 6d358c025f5b867b29ed92fc697fd34924e11904
  url_launcher: 6fef411d543ceb26efce54b05a0a40bfd74cbbef

PODFILE CHECKSUM: 4059fadcead82c5a00038275f05c378d1384131f

COCOAPODS: 1.10.1
